RESTRICTION: || (== net8.0) (== netstandard2.1)
NUGET
  remote: https://www.nuget.org/api/v2
    AngleSharp (1.2)
      System.Text.Encoding.CodePages (>= 8.0) - restriction: || (&& (== net8.0) (>= net462)) (&& (== net8.0) (< net6.0)) (== netstandard2.1)
    AngleSharp.Io (1.0)
      AngleSharp (>= 1.0 < 2.0)
    FsCheck (3.0.0-rc1)
      FSharp.Core (>= 5.0.2)
    FSharp.Core (5.0.2)
    Microsoft.Bcl.AsyncInterfaces (9.0.1) - restriction: == netstandard2.1
    Microsoft.Extensions.DependencyInjection (9.0.1)
      Microsoft.Extensions.DependencyInjection.Abstractions (>= 9.0.1)
    Microsoft.Extensions.DependencyInjection.Abstractions (9.0.1)
    Microsoft.Extensions.Logging (8.0)
      Microsoft.Extensions.DependencyInjection (>= 8.0)
      Microsoft.Extensions.Logging.Abstractions (>= 8.0)
      Microsoft.Extensions.Options (>= 8.0)
      System.Diagnostics.DiagnosticSource (>= 8.0) - restriction: || (&& (== net8.0) (>= net462)) (&& (== net8.0) (< net6.0)) (&& (== net8.0) (< netstandard2.1)) (== netstandard2.1)
    Microsoft.Extensions.Logging.Abstractions (8.0.1)
      Microsoft.Extensions.DependencyInjection.Abstractions (>= 8.0.1)
      System.Buffers (>= 4.5.1) - restriction: || (&& (== net8.0) (>= net462)) (&& (== net8.0) (< net6.0)) (== netstandard2.1)
      System.Memory (>= 4.5.5) - restriction: || (&& (== net8.0) (>= net462)) (&& (== net8.0) (< net6.0)) (== netstandard2.1)
    Microsoft.Extensions.Options (9.0.1)
      Microsoft.Extensions.DependencyInjection.Abstractions (>= 9.0.1)
      Microsoft.Extensions.Primitives (>= 9.0.1)
      System.ComponentModel.Annotations (>= 5.0) - restriction: || (&& (== net8.0) (< netstandard2.1)) (== netstandard2.1)
    Microsoft.Extensions.Primitives (9.0.1)
      System.Memory (>= 4.5.5) - restriction: || (&& (== net8.0) (>= net462)) (== netstandard2.1)
      System.Runtime.CompilerServices.Unsafe (>= 6.0) - restriction: || (&& (== net8.0) (>= net462)) (== netstandard2.1)
    Microsoft.NETCore.Platforms (7.0.4)
    PuppeteerSharp (20.0.5)
      Microsoft.Bcl.AsyncInterfaces (>= 8.0) - restriction: == netstandard2.1
      Microsoft.Extensions.Logging (>= 8.0)
      System.Text.Json (>= 8.0.5) - restriction: == netstandard2.1
    SharpX (6.4.6)
      FsCheck (3.0.0-rc1)
      FSharp.Core (5.0.2)
      Microsoft.Extensions.Logging.Abstractions (8.0.1)
      Microsoft.NETCore.Platforms (7.0.4)
    System.Buffers (4.6) - restriction: || (&& (== net8.0) (>= net462)) (&& (== net8.0) (< netcoreapp2.1)) (== netstandard2.1)
    System.ComponentModel.Annotations (5.0) - restriction: || (&& (== net8.0) (< netstandard2.1)) (== netstandard2.1)
    System.Diagnostics.DiagnosticSource (9.0.1) - restriction: || (&& (== net8.0) (>= net462)) (&& (== net8.0) (< net6.0)) (&& (== net8.0) (< netstandard2.1)) (== netstandard2.1)
      System.Memory (>= 4.5.5) - restriction: || (&& (== net8.0) (>= net462)) (== netstandard2.1)
      System.Runtime.CompilerServices.Unsafe (>= 6.0) - restriction: || (&& (== net8.0) (>= net462)) (== netstandard2.1)
    System.IO.Pipelines (9.0.1) - restriction: == netstandard2.1
      System.Buffers (>= 4.5.1) - restriction: || (&& (== net8.0) (>= net462)) (== netstandard2.1)
      System.Memory (>= 4.5.5) - restriction: || (&& (== net8.0) (>= net462)) (== netstandard2.1)
      System.Threading.Tasks.Extensions (>= 4.5.4) - restriction: || (&& (== net8.0) (>= net462)) (== netstandard2.1)
    System.Memory (4.6) - restriction: || (&& (== net8.0) (>= net462)) (&& (== net8.0) (< net6.0)) (== netstandard2.1)
      System.Buffers (>= 4.6) - restriction: || (&& (== net8.0) (>= net462)) (&& (== net8.0) (< netcoreapp2.1)) (== netstandard2.1)
      System.Numerics.Vectors (>= 4.6) - restriction: || (&& (== net8.0) (>= net462)) (&& (== net8.0) (< netcoreapp2.1)) (== netstandard2.1)
      System.Runtime.CompilerServices.Unsafe (>= 6.1) - restriction: || (&& (== net8.0) (>= net462)) (&& (== net8.0) (< netcoreapp2.1)) (== netstandard2.1)
    System.Numerics.Vectors (4.6) - restriction: || (&& (== net8.0) (>= net462)) (&& (== net8.0) (< netcoreapp2.1)) (== netstandard2.1)
    System.Runtime.CompilerServices.Unsafe (6.1) - restriction: || (&& (== net8.0) (>= net462)) (&& (== net8.0) (< netcoreapp2.1)) (== netstandard2.1)
    System.Text.Encoding.CodePages (9.0.1) - restriction: || (&& (== net8.0) (>= net462)) (&& (== net8.0) (< net6.0)) (== netstandard2.1)
      System.Memory (>= 4.5.5) - restriction: || (&& (== net8.0) (>= net462)) (== netstandard2.1)
      System.Runtime.CompilerServices.Unsafe (>= 6.0) - restriction: || (&& (== net8.0) (>= net462)) (== netstandard2.1)
    System.Text.Encodings.Web (9.0.1) - restriction: == netstandard2.1
      System.Buffers (>= 4.5.1) - restriction: || (&& (== net8.0) (>= net462)) (== netstandard2.1)
      System.Memory (>= 4.5.5) - restriction: || (&& (== net8.0) (>= net462)) (== netstandard2.1)
      System.Runtime.CompilerServices.Unsafe (>= 6.0) - restriction: || (&& (== net8.0) (>= net462)) (== netstandard2.1)
    System.Text.Json (9.0.1) - restriction: == netstandard2.1
      Microsoft.Bcl.AsyncInterfaces (>= 9.0.1) - restriction: || (&& (== net8.0) (>= net462)) (== netstandard2.1)
      System.Buffers (>= 4.5.1) - restriction: || (&& (== net8.0) (>= net462)) (== netstandard2.1)
      System.IO.Pipelines (>= 9.0.1)
      System.Memory (>= 4.5.5) - restriction: || (&& (== net8.0) (>= net462)) (== netstandard2.1)
      System.Runtime.CompilerServices.Unsafe (>= 6.0) - restriction: || (&& (== net8.0) (>= net462)) (== netstandard2.1)
      System.Text.Encodings.Web (>= 9.0.1)
      System.Threading.Tasks.Extensions (>= 4.5.4) - restriction: || (&& (== net8.0) (>= net462)) (== netstandard2.1)
    System.Threading.Tasks.Extensions (4.6) - restriction: == netstandard2.1
      System.Runtime.CompilerServices.Unsafe (>= 6.1) - restriction: || (&& (== net8.0) (>= net462)) (&& (== net8.0) (< netcoreapp2.1)) (== netstandard2.1)

GROUP sample
RESTRICTION: == net8.0
NUGET
  remote: https://www.nuget.org/api/v2
    CommandLineParser (2.9.1)

GROUP specs
RESTRICTION: == net8.0
NUGET
  remote: https://www.nuget.org/api/v2
    Bogus (35.6.1)
    coverlet.collector (6.0.4)
    FluentAssertions (8.0.1)
    FsCheck (3.0.0-rc1)
      FSharp.Core (>= 5.0.2)
    FSharp.Core (5.0.2)
    Microsoft.CodeCoverage (17.12)
    Microsoft.Extensions.DependencyInjection.Abstractions (9.0.1)
    Microsoft.Extensions.Logging.Abstractions (8.0.1)
      Microsoft.Extensions.DependencyInjection.Abstractions (>= 8.0.1)
    Microsoft.NET.Test.Sdk (17.12)
      Microsoft.CodeCoverage (>= 17.12)
      Microsoft.TestPlatform.TestHost (>= 17.12)
    Microsoft.NETCore.Platforms (7.0.4)
    Microsoft.TestPlatform.ObjectModel (17.12)
      System.Reflection.Metadata (>= 1.6)
    Microsoft.TestPlatform.TestHost (17.12)
      Microsoft.TestPlatform.ObjectModel (>= 17.12)
      Newtonsoft.Json (>= 13.0.1)
    Newtonsoft.Json (13.0.1)
    SharpX (6.4.6)
      FsCheck (3.0.0-rc1)
      FSharp.Core (5.0.2)
      Microsoft.Extensions.Logging.Abstractions (8.0.1)
      Microsoft.NETCore.Platforms (7.0.4)
    System.Reflection.Metadata (5.0)
    WaffleGenerator (4.2.2)
    WaffleGenerator.Bogus (4.2.2)
      Bogus (>= 35.6.1)
      WaffleGenerator (>= 4.2.2)
    xunit (2.9.3)
      xunit.analyzers (>= 1.18)
      xunit.assert (>= 2.9.3)
      xunit.core (2.9.3)
    xunit.abstractions (2.0.3)
    xunit.analyzers (1.19)
    xunit.assert (2.9.3)
    xunit.core (2.9.3)
      xunit.extensibility.core (2.9.3)
      xunit.extensibility.execution (2.9.3)
    xunit.extensibility.core (2.9.3)
      xunit.abstractions (>= 2.0.3)
    xunit.extensibility.execution (2.9.3)
      xunit.extensibility.core (2.9.3)
    xunit.runner.visualstudio (3.0.1)
