Microsoft Visual Studio Solution File, Format Version 12.00
# Visual Studio Version 16
VisualStudioVersion = 16.0.31729.503
MinimumVisualStudioVersion = 15.0.26124.0
Project("{2150E333-8FDC-42A3-9474-1A3956D46DE8}") = ".paket", ".paket", "{F2416294-558A-41FA-A2CC-843435B27551}"
	ProjectSection(SolutionItems) = preProject
		paket.dependencies = paket.dependencies
	EndProjectSection
EndProject
Project("{9A19103F-16F7-4668-BE54-9A1E7A4F7556}") = "PickAll", "src\PickAll\PickAll.csproj", "{B936C659-C656-40A8-A7D5-35EBCF27BA74}"
EndProject
Project("{9A19103F-16F7-4668-BE54-9A1E7A4F7556}") = "PickAll.Specs", "tests\PickAll.Specs\PickAll.Specs.csproj", "{6CD5FED7-D697-413F-A763-EF95FEB77F8A}"
EndProject
Project("{9A19103F-16F7-4668-BE54-9A1E7A4F7556}") = "PickAll.Sample", "samples\PickAll.Sample\PickAll.Sample.csproj", "{2DA9658E-F760-4122-8589-4B7CBD8AAD20}"
EndProject
Global
	GlobalSection(SolutionConfigurationPlatforms) = preSolution
		Debug|Any CPU = Debug|Any CPU
		Release|Any CPU = Release|Any CPU
	EndGlobalSection
	GlobalSection(ProjectConfigurationPlatforms) = postSolution
		{B936C659-C656-40A8-A7D5-35EBCF27BA74}.Debug|Any CPU.ActiveCfg = Debug|Any CPU
		{B936C659-C656-40A8-A7D5-35EBCF27BA74}.Debug|Any CPU.Build.0 = Debug|Any CPU
		{B936C659-C656-40A8-A7D5-35EBCF27BA74}.Release|Any CPU.ActiveCfg = Release|Any CPU
		{B936C659-C656-40A8-A7D5-35EBCF27BA74}.Release|Any CPU.Build.0 = Release|Any CPU
		{6CD5FED7-D697-413F-A763-EF95FEB77F8A}.Debug|Any CPU.ActiveCfg = Debug|Any CPU
		{6CD5FED7-D697-413F-A763-EF95FEB77F8A}.Debug|Any CPU.Build.0 = Debug|Any CPU
		{6CD5FED7-D697-413F-A763-EF95FEB77F8A}.Release|Any CPU.ActiveCfg = Release|Any CPU
		{6CD5FED7-D697-413F-A763-EF95FEB77F8A}.Release|Any CPU.Build.0 = Release|Any CPU
		{2DA9658E-F760-4122-8589-4B7CBD8AAD20}.Debug|Any CPU.ActiveCfg = Debug|Any CPU
		{2DA9658E-F760-4122-8589-4B7CBD8AAD20}.Debug|Any CPU.Build.0 = Debug|Any CPU
		{2DA9658E-F760-4122-8589-4B7CBD8AAD20}.Release|Any CPU.ActiveCfg = Release|Any CPU
		{2DA9658E-F760-4122-8589-4B7CBD8AAD20}.Release|Any CPU.Build.0 = Release|Any CPU
	EndGlobalSection
	GlobalSection(SolutionProperties) = preSolution
		HideSolutionNode = FALSE
	EndGlobalSection
	GlobalSection(ExtensibilityGlobals) = postSolution
		SolutionGuid = {FF6DB9EB-A535-4CCD-9E7A-1C9058EF5D99}
	EndGlobalSection
EndGlobal
