Microsoft Visual Studio Solution File, Format Version 12.00
# Visual Studio 15
VisualStudioVersion = 15.0.26124.0
MinimumVisualStudioVersion = 15.0.26124.0
Project("{2150E333-8FDC-42A3-9474-1A3956D46DE8}") = "src", "src", "{511A8755-CF2A-46F0-A7F8-3A88028B6C82}"
EndProject
Project("{FAE04EC0-301F-11D3-BF4B-00C04F79EFBC}") = "PickAll", "src/PickAll/PickAll.csproj", "{C515F17A-5E67-45CD-B9FF-EB36848756AB}"
EndProject
Project("{2150E333-8FDC-42A3-9474-1A3956D46DE8}") = "samples", "samples", "{B9F43F2F-97BC-4AF3-A69F-90B858C953B7}"
EndProject
Project("{FAE04EC0-301F-11D3-BF4B-00C04F79EFBC}") = "PickAll.Sample", "samples/CSharp/PickAll.Sample/PickAll.Sample.csproj", "{A354C85B-D8A6-4DE3-9B0A-6A590CAAAA0D}"
EndProject
Project("{2150E333-8FDC-42A3-9474-1A3956D46DE8}") = "tests", "tests", "{A4E8E206-43EA-4279-A75B-BB6D05ECA32B}"
EndProject
Project("{FAE04EC0-301F-11D3-BF4B-00C04F79EFBC}") = "PickAll.Tests", "tests/PickAll.Tests/PickAll.Tests.csproj", "{A4F9D3D0-7524-47FA-8635-A4C47DBEA267}"
EndProject
Global
	GlobalSection(SolutionConfigurationPlatforms) = preSolution
		Debug|Any CPU = Debug|Any CPU
		Debug|x64 = Debug|x64
		Debug|x86 = Debug|x86
		Release|Any CPU = Release|Any CPU
		Release|x64 = Release|x64
		Release|x86 = Release|x86
	EndGlobalSection
	GlobalSection(SolutionProperties) = preSolution
		HideSolutionNode = FALSE
	EndGlobalSection
	GlobalSection(ProjectConfigurationPlatforms) = postSolution
		{C515F17A-5E67-45CD-B9FF-EB36848756AB}.Debug|Any CPU.ActiveCfg = Debug|Any CPU
		{C515F17A-5E67-45CD-B9FF-EB36848756AB}.Debug|Any CPU.Build.0 = Debug|Any CPU
		{C515F17A-5E67-45CD-B9FF-EB36848756AB}.Debug|x64.ActiveCfg = Debug|Any CPU
		{C515F17A-5E67-45CD-B9FF-EB36848756AB}.Debug|x64.Build.0 = Debug|Any CPU
		{C515F17A-5E67-45CD-B9FF-EB36848756AB}.Debug|x86.ActiveCfg = Debug|Any CPU
		{C515F17A-5E67-45CD-B9FF-EB36848756AB}.Debug|x86.Build.0 = Debug|Any CPU
		{C515F17A-5E67-45CD-B9FF-EB36848756AB}.Release|Any CPU.ActiveCfg = Release|Any CPU
		{C515F17A-5E67-45CD-B9FF-EB36848756AB}.Release|Any CPU.Build.0 = Release|Any CPU
		{C515F17A-5E67-45CD-B9FF-EB36848756AB}.Release|x64.ActiveCfg = Release|Any CPU
		{C515F17A-5E67-45CD-B9FF-EB36848756AB}.Release|x64.Build.0 = Release|Any CPU
		{C515F17A-5E67-45CD-B9FF-EB36848756AB}.Release|x86.ActiveCfg = Release|Any CPU
		{C515F17A-5E67-45CD-B9FF-EB36848756AB}.Release|x86.Build.0 = Release|Any CPU
		{A354C85B-D8A6-4DE3-9B0A-6A590CAAAA0D}.Debug|Any CPU.ActiveCfg = Debug|Any CPU
		{A354C85B-D8A6-4DE3-9B0A-6A590CAAAA0D}.Debug|Any CPU.Build.0 = Debug|Any CPU
		{A354C85B-D8A6-4DE3-9B0A-6A590CAAAA0D}.Debug|x64.ActiveCfg = Debug|Any CPU
		{A354C85B-D8A6-4DE3-9B0A-6A590CAAAA0D}.Debug|x64.Build.0 = Debug|Any CPU
		{A354C85B-D8A6-4DE3-9B0A-6A590CAAAA0D}.Debug|x86.ActiveCfg = Debug|Any CPU
		{A354C85B-D8A6-4DE3-9B0A-6A590CAAAA0D}.Debug|x86.Build.0 = Debug|Any CPU
		{A354C85B-D8A6-4DE3-9B0A-6A590CAAAA0D}.Release|Any CPU.ActiveCfg = Release|Any CPU
		{A354C85B-D8A6-4DE3-9B0A-6A590CAAAA0D}.Release|Any CPU.Build.0 = Release|Any CPU
		{A354C85B-D8A6-4DE3-9B0A-6A590CAAAA0D}.Release|x64.ActiveCfg = Release|Any CPU
		{A354C85B-D8A6-4DE3-9B0A-6A590CAAAA0D}.Release|x64.Build.0 = Release|Any CPU
		{A354C85B-D8A6-4DE3-9B0A-6A590CAAAA0D}.Release|x86.ActiveCfg = Release|Any CPU
		{A354C85B-D8A6-4DE3-9B0A-6A590CAAAA0D}.Release|x86.Build.0 = Release|Any CPU
		{A4F9D3D0-7524-47FA-8635-A4C47DBEA267}.Debug|Any CPU.ActiveCfg = Debug|Any CPU
		{A4F9D3D0-7524-47FA-8635-A4C47DBEA267}.Debug|Any CPU.Build.0 = Debug|Any CPU
		{A4F9D3D0-7524-47FA-8635-A4C47DBEA267}.Debug|x64.ActiveCfg = Debug|Any CPU
		{A4F9D3D0-7524-47FA-8635-A4C47DBEA267}.Debug|x64.Build.0 = Debug|Any CPU
		{A4F9D3D0-7524-47FA-8635-A4C47DBEA267}.Debug|x86.ActiveCfg = Debug|Any CPU
		{A4F9D3D0-7524-47FA-8635-A4C47DBEA267}.Debug|x86.Build.0 = Debug|Any CPU
		{A4F9D3D0-7524-47FA-8635-A4C47DBEA267}.Release|Any CPU.ActiveCfg = Release|Any CPU
		{A4F9D3D0-7524-47FA-8635-A4C47DBEA267}.Release|Any CPU.Build.0 = Release|Any CPU
		{A4F9D3D0-7524-47FA-8635-A4C47DBEA267}.Release|x64.ActiveCfg = Release|Any CPU
		{A4F9D3D0-7524-47FA-8635-A4C47DBEA267}.Release|x64.Build.0 = Release|Any CPU
		{A4F9D3D0-7524-47FA-8635-A4C47DBEA267}.Release|x86.ActiveCfg = Release|Any CPU
		{A4F9D3D0-7524-47FA-8635-A4C47DBEA267}.Release|x86.Build.0 = Release|Any CPU
	EndGlobalSection
	GlobalSection(NestedProjects) = preSolution
		{C515F17A-5E67-45CD-B9FF-EB36848756AB} = {511A8755-CF2A-46F0-A7F8-3A88028B6C82}
		{A354C85B-D8A6-4DE3-9B0A-6A590CAAAA0D} = {B9F43F2F-97BC-4AF3-A69F-90B858C953B7}
		{A4F9D3D0-7524-47FA-8635-A4C47DBEA267} = {A4E8E206-43EA-4279-A75B-BB6D05ECA32B}
	EndGlobalSection
EndGlobal
